// !$*UTF8*$!
{
	archiveVersion = 1;
	classes = {
	};
	objectVersion = 56;
	objects = {

/* Begin PBXBuildFile section */
		DD2DC5472A87BAD7001E68CE /* AppDelegate.swift in Sources */ = {isa = PBXBuildFile; fileRef = DD2DC5462A87BAD7001E68CE /* AppDelegate.swift */; };
		DD2DC5492A87BAD7001E68CE /* SceneDelegate.swift in Sources */ = {isa = PBXBuildFile; fileRef = DD2DC5482A87BAD7001E68CE /* SceneDelegate.swift */; };
		DD2DC54E2A87BAD7001E68CE /* Main.storyboard in Resources */ = {isa = PBXBuildFile; fileRef = DD2DC54C2A87BAD7001E68CE /* Main.storyboard */; };
		DD2DC5502A87BAD9001E68CE /* Assets.xcassets in Resources */ = {isa = PBXBuildFile; fileRef = DD2DC54F2A87BAD9001E68CE /* Assets.xcassets */; };
		DD2DC5532A87BAD9001E68CE /* LaunchScreen.storyboard in Resources */ = {isa = PBXBuildFile; fileRef = DD2DC5512A87BAD9001E68CE /* LaunchScreen.storyboard */; };
		DD423A442AC6FA330086A3B4 /* UIView+Extension.swift in Sources */ = {isa = PBXBuildFile; fileRef = DD423A432AC6FA330086A3B4 /* UIView+Extension.swift */; };
		DD423A482AC7098E0086A3B4 /* OnboardingSlide.swift in Sources */ = {isa = PBXBuildFile; fileRef = DD423A472AC7098E0086A3B4 /* OnboardingSlide.swift */; };
		DD49D0952AC7B48F00FCE792 /* OnboardingViewController.swift in Sources */ = {isa = PBXBuildFile; fileRef = DD49D0942AC7B48F00FCE792 /* OnboardingViewController.swift */; };
		DD49D0972AC7C6B000FCE792 /* OnboardingCollectionViewCell.swift in Sources */ = {isa = PBXBuildFile; fileRef = DD49D0962AC7C6B000FCE792 /* OnboardingCollectionViewCell.swift */; };
/* End PBXBuildFile section */

/* Begin PBXFileReference section */
		DD2DC5432A87BAD7001E68CE /* RestaurentApp.app */ = {isa = PBXFileReference; explicitFileType = wrapper.application; includeInIndex = 0; path = RestaurentApp.app; sourceTree = BUILT_PRODUCTS_DIR; };
		DD2DC5462A87BAD7001E68CE /* AppDelegate.swift */ = {isa = PBXFileReference; lastKnownFileType = sourcecode.swift; path = AppDelegate.swift; sourceTree = "<group>"; };
		DD2DC5482A87BAD7001E68CE /* SceneDelegate.swift */ = {isa = PBXFileReference; lastKnownFileType = sourcecode.swift; path = SceneDelegate.swift; sourceTree = "<group>"; };
		DD2DC54D2A87BAD7001E68CE /* Base */ = {isa = PBXFileReference; lastKnownFileType = file.storyboard; name = Base; path = Base.lproj/Main.storyboard; sourceTree = "<group>"; };
		DD2DC54F2A87BAD9001E68CE /* Assets.xcassets */ = {isa = PBXFileReference; lastKnownFileType = folder.assetcatalog; path = Assets.xcassets; sourceTree = "<group>"; };
		DD2DC5522A87BAD9001E68CE /* Base */ = {isa = PBXFileReference; lastKnownFileType = file.storyboard; name = Base; path = Base.lproj/LaunchScreen.storyboard; sourceTree = "<group>"; };
		DD2DC5542A87BAD9001E68CE /* Info.plist */ = {isa = PBXFileReference; lastKnownFileType = text.plist.xml; path = Info.plist; sourceTree = "<group>"; };
		DD423A432AC6FA330086A3B4 /* UIView+Extension.swift */ = {isa = PBXFileReference; lastKnownFileType = sourcecode.swift; path = "UIView+Extension.swift"; sourceTree = "<group>"; };
		DD423A472AC7098E0086A3B4 /* OnboardingSlide.swift */ = {isa = PBXFileReference; lastKnownFileType = sourcecode.swift; path = OnboardingSlide.swift; sourceTree = "<group>"; };
		DD49D0942AC7B48F00FCE792 /* OnboardingViewController.swift */ = {isa = PBXFileReference; lastKnownFileType = sourcecode.swift; path = OnboardingViewController.swift; sourceTree = "<group>"; usesTabs = 0; };
		DD49D0962AC7C6B000FCE792 /* OnboardingCollectionViewCell.swift */ = {isa = PBXFileReference; lastKnownFileType = sourcecode.swift; path = OnboardingCollectionViewCell.swift; sourceTree = "<group>"; };
/* End PBXFileReference section */

/* Begin PBXFrameworksBuildPhase section */
		DD2DC5402A87BAD7001E68CE /* Frameworks */ = {
			isa = PBXFrameworksBuildPhase;
			buildActionMask = 2147483647;
			files = (
			);
			runOnlyForDeploymentPostprocessing = 0;
		};
/* End PBXFrameworksBuildPhase section */

/* Begin PBXGroup section */
		DD2DC53A2A87BAD7001E68CE = {
			isa = PBXGroup;
			children = (
				DD2DC5452A87BAD7001E68CE /* RestaurentApp */,
				DD2DC5442A87BAD7001E68CE /* Products */,
			);
			sourceTree = "<group>";
		};
		DD2DC5442A87BAD7001E68CE /* Products */ = {
			isa = PBXGroup;
			children = (
				DD2DC5432A87BAD7001E68CE /* RestaurentApp.app */,
			);
			name = Products;
			sourceTree = "<group>";
		};
		DD2DC5452A87BAD7001E68CE /* RestaurentApp */ = {
			isa = PBXGroup;
			children = (
				DD49D0922AC7B1B400FCE792 /* CustomViews */,
				DD423A492AC70E930086A3B4 /* Views */,
				DD423A422AC6F9880086A3B4 /* Extensions */,
				DD423A462AC7092E0086A3B4 /* Models */,
				DD2DC5462A87BAD7001E68CE /* AppDelegate.swift */,
				DD2DC5482A87BAD7001E68CE /* SceneDelegate.swift */,
				DD2DC54C2A87BAD7001E68CE /* Main.storyboard */,
				DD2DC54F2A87BAD9001E68CE /* Assets.xcassets */,
				DD2DC5512A87BAD9001E68CE /* LaunchScreen.storyboard */,
				DD2DC5542A87BAD9001E68CE /* Info.plist */,
			);
			path = RestaurentApp;
			sourceTree = "<group>";
		};
		DD423A422AC6F9880086A3B4 /* Extensions */ = {
			isa = PBXGroup;
			children = (
				DD423A432AC6FA330086A3B4 /* UIView+Extension.swift */,
			);
			path = Extensions;
			sourceTree = "<group>";
		};
		DD423A462AC7092E0086A3B4 /* Models */ = {
			isa = PBXGroup;
			children = (
				DD423A472AC7098E0086A3B4 /* OnboardingSlide.swift */,
			);
			path = Models;
			sourceTree = "<group>";
		};
		DD423A492AC70E930086A3B4 /* Views */ = {
			isa = PBXGroup;
			children = (
				DD423A4C2AC70EF70086A3B4 /* Onboarding */,
			);
			path = Views;
			sourceTree = "<group>";
		};
		DD423A4C2AC70EF70086A3B4 /* Onboarding */ = {
			isa = PBXGroup;
			children = (
				DD49D0942AC7B48F00FCE792 /* OnboardingViewController.swift */,
				DD49D0962AC7C6B000FCE792 /* OnboardingCollectionViewCell.swift */,
			);
			path = Onboarding;
			sourceTree = "<group>";
		};
		DD49D0922AC7B1B400FCE792 /* CustomViews */ = {
			isa = PBXGroup;
			children = (
			);
			path = CustomViews;
			sourceTree = "<group>";
		};
/* End PBXGroup section */

/* Begin PBXNativeTarget section */
		DD2DC5422A87BAD7001E68CE /* RestaurentApp */ = {
			isa = PBXNativeTarget;
			buildConfigurationList = DD2DC5572A87BAD9001E68CE /* Build configuration list for PBXNativeTarget "RestaurentApp" */;
			buildPhases = (
				DD2DC53F2A87BAD7001E68CE /* Sources */,
				DD2DC5402A87BAD7001E68CE /* Frameworks */,
				DD2DC5412A87BAD7001E68CE /* Resources */,
			);
			buildRules = (
			);
			dependencies = (
			);
			name = RestaurentApp;
			productName = RestaurentApp;
			productReference = DD2DC5432A87BAD7001E68CE /* RestaurentApp.app */;
			productType = "com.apple.product-type.application";
		};
/* End PBXNativeTarget section */

/* Begin PBXProject section */
		DD2DC53B2A87BAD7001E68CE /* Project object */ = {
			isa = PBXProject;
			attributes = {
				BuildIndependentTargetsInParallel = 1;
				LastSwiftUpdateCheck = 1430;
				LastUpgradeCheck = 1430;
				TargetAttributes = {
					DD2DC5422A87BAD7001E68CE = {
						CreatedOnToolsVersion = 14.3;
					};
				};
			};
			buildConfigurationList = DD2DC53E2A87BAD7001E68CE /* Build configuration list for PBXProject "RestaurentApp" */;
			compatibilityVersion = "Xcode 14.0";
			developmentRegion = en;
			hasScannedForEncodings = 0;
			knownRegions = (
				en,
				Base,
			);
			mainGroup = DD2DC53A2A87BAD7001E68CE;
			productRefGroup = DD2DC5442A87BAD7001E68CE /* Products */;
			projectDirPath = "";
			projectRoot = "";
			targets = (
				DD2DC5422A87BAD7001E68CE /* RestaurentApp */,
			);
		};
/* End PBXProject section */

/* Begin PBXResourcesBuildPhase section */
		DD2DC5412A87BAD7001E68CE /* Resources */ = {
			isa = PBXResourcesBuildPhase;
			buildActionMask = 2147483647;
			files = (
				DD2DC5532A87BAD9001E68CE /* LaunchScreen.storyboard in Resources */,
				DD2DC5502A87BAD9001E68CE /* Assets.xcassets in Resources */,
				DD2DC54E2A87BAD7001E68CE /* Main.storyboard in Resources */,
			);
			runOnlyForDeploymentPostprocessing = 0;
		};
/* End PBXResourcesBuildPhase section */

/* Begin PBXSourcesBuildPhase section */
		DD2DC53F2A87BAD7001E68CE /* Sources */ = {
			isa = PBXSourcesBuildPhase;
			buildActionMask = 2147483647;
			files = (
				DD2DC5472A87BAD7001E68CE /* AppDelegate.swift in Sources */,
				DD423A442AC6FA330086A3B4 /* UIView+Extension.swift in Sources */,
				DD49D0952AC7B48F00FCE792 /* OnboardingViewController.swift in Sources */,
				DD2DC5492A87BAD7001E68CE /* SceneDelegate.swift in Sources */,
				DD423A482AC7098E0086A3B4 /* OnboardingSlide.swift in Sources */,
				DD49D0972AC7C6B000FCE792 /* OnboardingCollectionViewCell.swift in Sources */,
			);
			runOnlyForDeploymentPostprocessing = 0;
		};
/* End PBXSourcesBuildPhase section */

/* Begin PBXVariantGroup section */
		DD2DC54C2A87BAD7001E68CE /* Main.storyboard */ = {
			isa = PBXVariantGroup;
			children = (
				DD2DC54D2A87BAD7001E68CE /* Base */,
			);
			name = Main.storyboard;
			sourceTree = "<group>";
		};
		DD2DC5512A87BAD9001E68CE /* LaunchScreen.storyboard */ = {
			isa = PBXVariantGroup;
			children = (
				DD2DC5522A87BAD9001E68CE /* Base */,
			);
			name = LaunchScreen.storyboard;
			sourceTree = "<group>";
		};
/* End PBXVariantGroup section */

/* Begin XCBuildConfiguration section */
		DD2DC5552A87BAD9001E68CE /* Debug */ = {
			isa = XCBuildConfiguration;
			buildSettings = {
				ALWAYS_SEARCH_USER_PATHS = NO;
				CLANG_ANALYZER_NONNULL = YES;
				CLANG_ANALYZER_NUMBER_OBJECT_CONVERSION = YES_AGGRESSIVE;
				CLANG_CXX_LANGUAGE_STANDARD = "gnu++20";
				CLANG_ENABLE_MODULES = YES;
				CLANG_ENABLE_OBJC_ARC = YES;
				CLANG_ENABLE_OBJC_WEAK = YES;
				CLANG_WARN_BLOCK_CAPTURE_AUTORELEASING = YES;
				CLANG_WARN_BOOL_CONVERSION = YES;
				CLANG_WARN_COMMA = YES;
				CLANG_WARN_CONSTANT_CONVERSION = YES;
				CLANG_WARN_DEPRECATED_OBJC_IMPLEMENTATIONS = YES;
				CLANG_WARN_DIRECT_OBJC_ISA_USAGE = YES_ERROR;
				CLANG_WARN_DOCUMENTATION_COMMENTS = YES;
				CLANG_WARN_EMPTY_BODY = YES;
				CLANG_WARN_ENUM_CONVERSION = YES;
				CLANG_WARN_INFINITE_RECURSION = YES;
				CLANG_WARN_INT_CONVERSION = YES;
				CLANG_WARN_NON_LITERAL_NULL_CONVERSION = YES;
				CLANG_WARN_OBJC_IMPLICIT_RETAIN_SELF = YES;
				CLANG_WARN_OBJC_LITERAL_CONVERSION = YES;
				CLANG_WARN_OBJC_ROOT_CLASS = YES_ERROR;
				CLANG_WARN_QUOTED_INCLUDE_IN_FRAMEWORK_HEADER = YES;
				CLANG_WARN_RANGE_LOOP_ANALYSIS = YES;
				CLANG_WARN_STRICT_PROTOTYPES = YES;
				CLANG_WARN_SUSPICIOUS_MOVE = YES;
				CLANG_WARN_UNGUARDED_AVAILABILITY = YES_AGGRESSIVE;
				CLANG_WARN_UNREACHABLE_CODE = YES;
				CLANG_WARN__DUPLICATE_METHOD_MATCH = YES;
				COPY_PHASE_STRIP = NO;
				DEBUG_INFORMATION_FORMAT = dwarf;
				ENABLE_STRICT_OBJC_MSGSEND = YES;
				ENABLE_TESTABILITY = YES;
				GCC_C_LANGUAGE_STANDARD = gnu11;
				GCC_DYNAMIC_NO_PIC = NO;
				GCC_NO_COMMON_BLOCKS = YES;
				GCC_OPTIMIZATION_LEVEL = 0;
				GCC_PREPROCESSOR_DEFINITIONS = (
					"DEBUG=1",
					"$(inherited)",
				);
				GCC_WARN_64_TO_32_BIT_CONVERSION = YES;
				GCC_WARN_ABOUT_RETURN_TYPE = YES_ERROR;
				GCC_WARN_UNDECLARED_SELECTOR = YES;
				GCC_WARN_UNINITIALIZED_AUTOS = YES_AGGRESSIVE;
				GCC_WARN_UNUSED_FUNCTION = YES;
				GCC_WARN_UNUSED_VARIABLE = YES;
				IPHONEOS_DEPLOYMENT_TARGET = 16.4;
				MTL_ENABLE_DEBUG_INFO = INCLUDE_SOURCE;
				MTL_FAST_MATH = YES;
				ONLY_ACTIVE_ARCH = YES;
				SDKROOT = iphoneos;
				SWIFT_ACTIVE_COMPILATION_CONDITIONS = DEBUG;
				SWIFT_OPTIMIZATION_LEVEL = "-Onone";
			};
			name = Debug;
		};
		DD2DC5562A87BAD9001E68CE /* Release */ = {
			isa = XCBuildConfiguration;
			buildSettings = {
				ALWAYS_SEARCH_USER_PATHS = NO;
				CLANG_ANALYZER_NONNULL = YES;
				CLANG_ANALYZER_NUMBER_OBJECT_CONVERSION = YES_AGGRESSIVE;
				CLANG_CXX_LANGUAGE_STANDARD = "gnu++20";
				CLANG_ENABLE_MODULES = YES;
				CLANG_ENABLE_OBJC_ARC = YES;
				CLANG_ENABLE_OBJC_WEAK = YES;
				CLANG_WARN_BLOCK_CAPTURE_AUTORELEASING = YES;
				CLANG_WARN_BOOL_CONVERSION = YES;
				CLANG_WARN_COMMA = YES;
				CLANG_WARN_CONSTANT_CONVERSION = YES;
				CLANG_WARN_DEPRECATED_OBJC_IMPLEMENTATIONS = YES;
				CLANG_WARN_DIRECT_OBJC_ISA_USAGE = YES_ERROR;
				CLANG_WARN_DOCUMENTATION_COMMENTS = YES;
				CLANG_WARN_EMPTY_BODY = YES;
				CLANG_WARN_ENUM_CONVERSION = YES;
				CLANG_WARN_INFINITE_RECURSION = YES;
				CLANG_WARN_INT_CONVERSION = YES;
				CLANG_WARN_NON_LITERAL_NULL_CONVERSION = YES;
				CLANG_WARN_OBJC_IMPLICIT_RETAIN_SELF = YES;
				CLANG_WARN_OBJC_LITERAL_CONVERSION = YES;
				CLANG_WARN_OBJC_ROOT_CLASS = YES_ERROR;
				CLANG_WARN_QUOTED_INCLUDE_IN_FRAMEWORK_HEADER = YES;
				CLANG_WARN_RANGE_LOOP_ANALYSIS = YES;
				CLANG_WARN_STRICT_PROTOTYPES = YES;
				CLANG_WARN_SUSPICIOUS_MOVE = YES;
				CLANG_WARN_UNGUARDED_AVAILABILITY = YES_AGGRESSIVE;
				CLANG_WARN_UNREACHABLE_CODE = YES;
				CLANG_WARN__DUPLICATE_METHOD_MATCH = YES;
				COPY_PHASE_STRIP = NO;
				DEBUG_INFORMATION_FORMAT = "dwarf-with-dsym";
				ENABLE_NS_ASSERTIONS = NO;
				ENABLE_STRICT_OBJC_MSGSEND = YES;
				GCC_C_LANGUAGE_STANDARD = gnu11;
				GCC_NO_COMMON_BLOCKS = YES;
				GCC_WARN_64_TO_32_BIT_CONVERSION = YES;
				GCC_WARN_ABOUT_RETURN_TYPE = YES_ERROR;
				GCC_WARN_UNDECLARED_SELECTOR = YES;
				GCC_WARN_UNINITIALIZED_AUTOS = YES_AGGRESSIVE;
				GCC_WARN_UNUSED_FUNCTION = YES;
				GCC_WARN_UNUSED_VARIABLE = YES;
				IPHONEOS_DEPLOYMENT_TARGET = 16.4;
				MTL_ENABLE_DEBUG_INFO = NO;
				MTL_FAST_MATH = YES;
				SDKROOT = iphoneos;
				SWIFT_COMPILATION_MODE = wholemodule;
				SWIFT_OPTIMIZATION_LEVEL = "-O";
				VALIDATE_PRODUCT = YES;
			};
			name = Release;
		};
		DD2DC5582A87BAD9001E68CE /* Debug */ = {
			isa = XCBuildConfiguration;
			buildSettings = {
				ASSETCATALOG_COMPILER_APPICON_NAME = AppIcon;
				ASSETCATALOG_COMPILER_GLOBAL_ACCENT_COLOR_NAME = AccentColor;
				ASSETCATALOG_COMPILER_INCLUDE_ALL_APPICON_ASSETS = NO;
				CODE_SIGN_IDENTITY = "Apple Development";
				CODE_SIGN_STYLE = Automatic;
				CURRENT_PROJECT_VERSION = 1;
				DEVELOPMENT_TEAM = "";
				GENERATE_INFOPLIST_FILE = YES;
				INFOPLIST_FILE = RestaurentApp/Info.plist;
				INFOPLIST_KEY_LSApplicationCategoryType = "public.app-category.developer-tools";
				INFOPLIST_KEY_UIApplicationSupportsIndirectInputEvents = YES;
				INFOPLIST_KEY_UILaunchStoryboardName = LaunchScreen.storyboard;
				INFOPLIST_KEY_UIMainStoryboardFile = Main;
				INFOPLIST_KEY_UIStatusBarStyle = "";
				INFOPLIST_KEY_UISupportedInterfaceOrientations_iPad = "UIInterfaceOrientationPortrait UIInterfaceOrientationPortraitUpsideDown UIInterfaceOrientationLandscapeLeft UIInterfaceOrientationLandscapeRight";
				INFOPLIST_KEY_UISupportedInterfaceOrientations_iPhone = "UIInterfaceOrientationPortrait UIInterfaceOrientationLandscapeLeft UIInterfaceOrientationLandscapeRight";
				LD_RUNPATH_SEARCH_PATHS = (
					"$(inherited)",
					"@executable_path/Frameworks",
				);
				MARKETING_VERSION = 1.0;
				PRODUCT_BUNDLE_IDENTIFIER = "com.i-techjp.RestaurentApp";
				PRODUCT_NAME = "$(TARGET_NAME)";
				PROVISIONING_PROFILE_SPECIFIER = "";
				SWIFT_EMIT_LOC_STRINGS = YES;
				SWIFT_VERSION = 5.0;
				TARGETED_DEVICE_FAMILY = "1,2";
			};
			name = Debug;
		};
		DD2DC5592A87BAD9001E68CE /* Release */ = {
			isa = XCBuildConfiguration;
			buildSettings = {
				ASSETCATALOG_COMPILER_APPICON_NAME = AppIcon;
				ASSETCATALOG_COMPILER_GLOBAL_ACCENT_COLOR_NAME = AccentColor;
				ASSETCATALOG_COMPILER_INCLUDE_ALL_APPICON_ASSETS = NO;
				CODE_SIGN_IDENTITY = "Apple Development";
				CODE_SIGN_STYLE = Automatic;
				CURRENT_PROJECT_VERSION = 1;
				DEVELOPMENT_TEAM = "";
				GENERATE_INFOPLIST_FILE = YES;
				INFOPLIST_FILE = RestaurentApp/Info.plist;
				INFOPLIST_KEY_LSApplicationCategoryType = "public.app-category.developer-tools";
				INFOPLIST_KEY_UIApplicationSupportsIndirectInputEvents = YES;
				INFOPLIST_KEY_UILaunchStoryboardName = LaunchScreen.storyboard;
				INFOPLIST_KEY_UIMainStoryboardFile = Main;
				INFOPLIST_KEY_UIStatusBarStyle = "";
				INFOPLIST_KEY_UISupportedInterfaceOrientations_iPad = "UIInterfaceOrientationPortrait UIInterfaceOrientationPortraitUpsideDown UIInterfaceOrientationLandscapeLeft UIInterfaceOrientationLandscapeRight";
				INFOPLIST_KEY_UISupportedInterfaceOrientations_iPhone = "UIInterfaceOrientationPortrait UIInterfaceOrientationLandscapeLeft UIInterfaceOrientationLandscapeRight";
				LD_RUNPATH_SEARCH_PATHS = (
					"$(inherited)",
					"@executable_path/Frameworks",
				);
				MARKETING_VERSION = 1.0;
				PRODUCT_BUNDLE_IDENTIFIER = "com.i-techjp.RestaurentApp";
				PRODUCT_NAME = "$(TARGET_NAME)";
				PROVISIONING_PROFILE_SPECIFIER = "";
				SWIFT_EMIT_LOC_STRINGS = YES;
				SWIFT_VERSION = 5.0;
				TARGETED_DEVICE_FAMILY = "1,2";
			};
			name = Release;
		};
/* End XCBuildConfiguration section */

/* Begin XCConfigurationList section */
		DD2DC53E2A87BAD7001E68CE /* Build configuration list for PBXProject "RestaurentApp" */ = {
			isa = XCConfigurationList;
			buildConfigurations = (
				DD2DC5552A87BAD9001E68CE /* Debug */,
				DD2DC5562A87BAD9001E68CE /* Release */,
			);
			defaultConfigurationIsVisible = 0;
			defaultConfigurationName = Release;
		};
		DD2DC5572A87BAD9001E68CE /* Build configuration list for PBXNativeTarget "RestaurentApp" */ = {
			isa = XCConfigurationList;
			buildConfigurations = (
				DD2DC5582A87BAD9001E68CE /* Debug */,
				DD2DC5592A87BAD9001E68CE /* Release */,
			);
			defaultConfigurationIsVisible = 0;
			defaultConfigurationName = Release;
		};
/* End XCConfigurationList section */
	};
	rootObject = DD2DC53B2A87BAD7001E68CE /* Project object */;
}
